
Microsoft Visual Studio Solution File, Format Version 12.00
# Visual Studio Version 16
VisualStudioVersion = 16.0.30330.147
MinimumVisualStudioVersion = 10.0.40219.1
Project("{FAE04EC0-301F-11D3-BF4B-00C04F79EFBC}") = "MultiArchiver", "MultiArchiver\MultiArchiver.csproj", "{147E548F-7CD8-4D69-9194-8ADCDB9D4D0A}"
EndProject
Project("{FAE04EC0-301F-11D3-BF4B-00C04F79EFBC}") = "FCFBConverter", "..\..\FC-FB-Converter\FC-FB Converter\FCFBConverter\FCFBConverter.csproj", "{00C536D1-31ED-4430-937F-336672A3B4C6}"
EndProject
Global
	GlobalSection(SolutionConfigurationPlatforms) = preSolution
		Debug|Any CPU = Debug|Any CPU
		Release|Any CPU = Release|Any CPU
	EndGlobalSection
	GlobalSection(ProjectConfigurationPlatforms) = postSolution
		{147E548F-7CD8-4D69-9194-8ADCDB9D4D0A}.Debug|Any CPU.ActiveCfg = Debug|Any CPU
		{147E548F-7CD8-4D69-9194-8ADCDB9D4D0A}.Debug|Any CPU.Build.0 = Debug|Any CPU
		{147E548F-7CD8-4D69-9194-8ADCDB9D4D0A}.Release|Any CPU.ActiveCfg = Release|Any CPU
		{147E548F-7CD8-4D69-9194-8ADCDB9D4D0A}.Release|Any CPU.Build.0 = Release|Any CPU
		{00C536D1-31ED-4430-937F-336672A3B4C6}.Debug|Any CPU.ActiveCfg = Debug|Any CPU
		{00C536D1-31ED-4430-937F-336672A3B4C6}.Debug|Any CPU.Build.0 = Debug|Any CPU
		{00C536D1-31ED-4430-937F-336672A3B4C6}.Release|Any CPU.ActiveCfg = Release|Any CPU
		{00C536D1-31ED-4430-937F-336672A3B4C6}.Release|Any CPU.Build.0 = Release|Any CPU
	EndGlobalSection
	GlobalSection(SolutionProperties) = preSolution
		HideSolutionNode = FALSE
	EndGlobalSection
	GlobalSection(ExtensibilityGlobals) = postSolution
		SolutionGuid = {B925706E-35A5-4645-8BC5-965ED7B2EC07}
	EndGlobalSection
EndGlobal
